{
  "version": 4,
  "terraform_version": "1.11.1",
  "serial": 5,
  "lineage": "23f0425f-e1c0-b277-2b50-f61e56ddfa08",
  "outputs": {},
  "resources": [
    {
      "mode": "managed",
      "type": "local_file",
      "name": "my-file",
      "provider": "provider[\"registry.terraform.io/hashicorp/local\"]",
      "instances": [
        {
          "schema_version": 0,
          "attributes": {
            "content": "learning devops",
            "content_base64": null,
            "content_base64sha256": "/R0WeLDl71/UIHBewbVZmng9YpA+ZE2YJboj8pnziMI=",
            "content_base64sha512": "gQcMhxv0wnOpX4Ycy0abnr7qZroBcoZda6FCmnkgCXQa+Obl4ld6DKIiBWLRy/jYJePpK6ZjLNIuQ7eGl0Z6wA==",
            "content_md5": "b8e6d881d8588cb8f79c4ef70cbb004e",
            "content_sha1": "c344705f99f4a43b9436c2c55d04af4dfbd2848d",
            "content_sha256": "fd1d1678b0e5ef5fd420705ec1b5599a783d62903e644d9825ba23f299f388c2",
            "content_sha512": "81070c871bf4c273a95f861ccb469b9ebeea66ba0172865d6ba1429a792009741af8e6e5e2577a0ca2220562d1cbf8d825e3e92ba6632cd22e43b78697467ac0",
            "directory_permission": "0777",
            "file_permission": "0777",
            "filename": "automate.txt",
            "id": "c344705f99f4a43b9436c2c55d04af4dfbd2848d",
            "sensitive_content": null,
            "source": null
          },
          "sensitive_attributes": [
            [
              {
                "type": "get_attr",
                "value": "sensitive_content"
              }
            ]
          ]
        }
      ]
    }
  ],
  "check_results": null
}
